// !$*UTF8*$!
{
	archiveVersion = 1;
	classes = {
	};
	objectVersion = 52;
	objects = {

/* Begin PBXBuildFile section */
		4A18125722CEB38D00D15BE3 /* Weapon.swift in Sources */ = {isa = PBXBuildFile; fileRef = 4A18125622CEB38D00D15BE3 /* Weapon.swift */; };
		4A18125922CED1F800D15BE3 /* Tile.sks in Resources */ = {isa = PBXBuildFile; fileRef = 4A18125822CED1F800D15BE3 /* Tile.sks */; };
		4A18125B22CED29200D15BE3 /* Floor.atlas in Resources */ = {isa = PBXBuildFile; fileRef = 4A18125A22CED29200D15BE3 /* Floor.atlas */; };
		4A18126222CED77100D15BE3 /* Enemy.swift in Sources */ = {isa = PBXBuildFile; fileRef = 4A18126122CED77100D15BE3 /* Enemy.swift */; };
		4A18126522D14E6600D15BE3 /* JumpButton.png in Resources */ = {isa = PBXBuildFile; fileRef = 4A18126322D14E6600D15BE3 /* JumpButton.png */; };
		4A18126622D14E6600D15BE3 /* DashButton.png in Resources */ = {isa = PBXBuildFile; fileRef = 4A18126422D14E6600D15BE3 /* DashButton.png */; };
		4A18126822D1703600D15BE3 /* Dash.atlas in Resources */ = {isa = PBXBuildFile; fileRef = 4A18126722D1703600D15BE3 /* Dash.atlas */; };
		4A29DF4C22CACA3600C12617 /* Stick.png in Resources */ = {isa = PBXBuildFile; fileRef = 4A29DF4B22CACA3600C12617 /* Stick.png */; };
		4A29DF4E22CACA4600C12617 /* Base.png in Resources */ = {isa = PBXBuildFile; fileRef = 4A29DF4D22CACA4600C12617 /* Base.png */; };
		4A29DF5022CAD73800C12617 /* HumanoidStopped.png in Resources */ = {isa = PBXBuildFile; fileRef = 4A29DF4F22CAD73800C12617 /* HumanoidStopped.png */; };
		4A29DF5222CAD93F00C12617 /* HumanoidPunchRight.png in Resources */ = {isa = PBXBuildFile; fileRef = 4A29DF5122CAD93F00C12617 /* HumanoidPunchRight.png */; };
		4A29DF5422CAD94A00C12617 /* HumanoidPunchLeft.png in Resources */ = {isa = PBXBuildFile; fileRef = 4A29DF5322CAD94A00C12617 /* HumanoidPunchLeft.png */; };
		4A29DF5722CADA1400C12617 /* LeftButton.png in Resources */ = {isa = PBXBuildFile; fileRef = 4A29DF5522CADA1400C12617 /* LeftButton.png */; };
		4A29DF5822CADA1400C12617 /* RightButton.png in Resources */ = {isa = PBXBuildFile; fileRef = 4A29DF5622CADA1400C12617 /* RightButton.png */; };
		4A32EF6F22D5429600B79198 /* DashLeft.atlas in Resources */ = {isa = PBXBuildFile; fileRef = 4A32EF6E22D5429600B79198 /* DashLeft.atlas */; };
		4A32EF7122D5577000B79198 /* Humanoid.swift in Sources */ = {isa = PBXBuildFile; fileRef = 4A32EF7022D5577000B79198 /* Humanoid.swift */; };
		4A32EF7B22D7B80500B79198 /* dagger.png in Resources */ = {isa = PBXBuildFile; fileRef = 4A32EF7A22D7B80500B79198 /* dagger.png */; };
		4A32EF8622D8384500B79198 /* Arm.jpg in Resources */ = {isa = PBXBuildFile; fileRef = 4A32EF8222D8384500B79198 /* Arm.jpg */; };
		4A32EF8722D8384500B79198 /* Head.jpg in Resources */ = {isa = PBXBuildFile; fileRef = 4A32EF8322D8384500B79198 /* Head.jpg */; };
		4A32EF8822D8384500B79198 /* Torso.jpg in Resources */ = {isa = PBXBuildFile; fileRef = 4A32EF8422D8384500B79198 /* Torso.jpg */; };
		4A32EF8922D8384500B79198 /* Leg.jpg in Resources */ = {isa = PBXBuildFile; fileRef = 4A32EF8522D8384500B79198 /* Leg.jpg */; };
		4A32EF9222DA7DAE00B79198 /* HumanoidWalkRight.atlas in Resources */ = {isa = PBXBuildFile; fileRef = 4A32EF8E22DA7DAD00B79198 /* HumanoidWalkRight.atlas */; };
		4A32EFA122DA7F5400B79198 /* HumanoidWalkLeft.atlas in Resources */ = {isa = PBXBuildFile; fileRef = 4A32EFA022DA7F5400B79198 /* HumanoidWalkLeft.atlas */; };
		4A330E4522EE2167007A05A0 /* wall1.png in Resources */ = {isa = PBXBuildFile; fileRef = 4A330E4422EE2167007A05A0 /* wall1.png */; };
		4A330E4C22EE226F007A05A0 /* wall2.png in Resources */ = {isa = PBXBuildFile; fileRef = 4A330E4622EE226E007A05A0 /* wall2.png */; };
		4A330E4D22EE226F007A05A0 /* wall3.png in Resources */ = {isa = PBXBuildFile; fileRef = 4A330E4722EE226F007A05A0 /* wall3.png */; };
		4A330E4E22EE226F007A05A0 /* wall5.png in Resources */ = {isa = PBXBuildFile; fileRef = 4A330E4822EE226F007A05A0 /* wall5.png */; };
		4A330E4F22EE226F007A05A0 /* door1.png in Resources */ = {isa = PBXBuildFile; fileRef = 4A330E4922EE226F007A05A0 /* door1.png */; };
		4A330E5022EE226F007A05A0 /* door2.png in Resources */ = {isa = PBXBuildFile; fileRef = 4A330E4A22EE226F007A05A0 /* door2.png */; };
		4A330E5122EE226F007A05A0 /* wall4.png in Resources */ = {isa = PBXBuildFile; fileRef = 4A330E4B22EE226F007A05A0 /* wall4.png */; };
		4A330E5422EE24D5007A05A0 /* door3.png in Resources */ = {isa = PBXBuildFile; fileRef = 4A330E5222EE24D4007A05A0 /* door3.png */; };
		4A330E5522EE24D5007A05A0 /* door4.png in Resources */ = {isa = PBXBuildFile; fileRef = 4A330E5322EE24D4007A05A0 /* door4.png */; };
		4A330E5A22EE2AC4007A05A0 /* table1.png in Resources */ = {isa = PBXBuildFile; fileRef = 4A330E5622EE2AC3007A05A0 /* table1.png */; };
		4A330E5B22EE2AC4007A05A0 /* machine1.png in Resources */ = {isa = PBXBuildFile; fileRef = 4A330E5722EE2AC3007A05A0 /* machine1.png */; };
		4A330E5C22EE2AC4007A05A0 /* machine2a.png in Resources */ = {isa = PBXBuildFile; fileRef = 4A330E5822EE2AC3007A05A0 /* machine2a.png */; };
		4A330E5D22EE2AC4007A05A0 /* machine2b.png in Resources */ = {isa = PBXBuildFile; fileRef = 4A330E5922EE2AC4007A05A0 /* machine2b.png */; };
		4A3B305423284218001B7A73 /* HumanoidPistolRight.png in Resources */ = {isa = PBXBuildFile; fileRef = 4A3B305223284218001B7A73 /* HumanoidPistolRight.png */; };
		4A3B305523284218001B7A73 /* HumanoidPistolLeft.png in Resources */ = {isa = PBXBuildFile; fileRef = 4A3B305323284218001B7A73 /* HumanoidPistolLeft.png */; };
		4A4A362223466812007F6635 /* wall4 reverse.png in Resources */ = {isa = PBXBuildFile; fileRef = 4A4A362023466811007F6635 /* wall4 reverse.png */; };
		4A4A362323466812007F6635 /* wall5 reverse.png in Resources */ = {isa = PBXBuildFile; fileRef = 4A4A362123466812007F6635 /* wall5 reverse.png */; };
		4A4A362623468C03007F6635 /* smoke.sks in Resources */ = {isa = PBXBuildFile; fileRef = 4A4A362423468C03007F6635 /* smoke.sks */; };
		4A4A362723468C03007F6635 /* Assets.xcassets in Resources */ = {isa = PBXBuildFile; fileRef = 4A4A362523468C03007F6635 /* Assets.xcassets */; };
		4A63B81622E8A1FD0068EC2E /* InvArrowRight.png in Resources */ = {isa = PBXBuildFile; fileRef = 4A63B81422E8A1FD0068EC2E /* InvArrowRight.png */; };
		4A63B81722E8A1FD0068EC2E /* InvArrowLeft.png in Resources */ = {isa = PBXBuildFile; fileRef = 4A63B81522E8A1FD0068EC2E /* InvArrowLeft.png */; };
		4A63B81A22E8B6A80068EC2E /* ThrowBodyLeft.png in Resources */ = {isa = PBXBuildFile; fileRef = 4A63B81822E8B6A80068EC2E /* ThrowBodyLeft.png */; };
		4A63B81B22E8B6A80068EC2E /* ThrowBodyRight.png in Resources */ = {isa = PBXBuildFile; fileRef = 4A63B81922E8B6A80068EC2E /* ThrowBodyRight.png */; };
		4A63B81E22E8B8A10068EC2E /* ArmLeft.png in Resources */ = {isa = PBXBuildFile; fileRef = 4A63B81C22E8B8A10068EC2E /* ArmLeft.png */; };
		4A63B81F22E8B8A10068EC2E /* ArmRight.png in Resources */ = {isa = PBXBuildFile; fileRef = 4A63B81D22E8B8A10068EC2E /* ArmRight.png */; };
		4A63B82222EA16CF0068EC2E /* ThrowRight.png in Resources */ = {isa = PBXBuildFile; fileRef = 4A63B82022EA16CE0068EC2E /* ThrowRight.png */; };
		4A63B82322EA16CF0068EC2E /* ThrowLeft.png in Resources */ = {isa = PBXBuildFile; fileRef = 4A63B82122EA16CF0068EC2E /* ThrowLeft.png */; };
		4A72D40F22EB871100F33935 /* Pistol.png in Resources */ = {isa = PBXBuildFile; fileRef = 4A72D40E22EB871000F33935 /* Pistol.png */; };
		4A743BA022E0DEBF00202DA4 /* Main.swift in Sources */ = {isa = PBXBuildFile; fileRef = 4A743B9F22E0DEBF00202DA4 /* Main.swift */; };
		4A743BA222E0E1CC00202DA4 /* BrickWhite.png in Resources */ = {isa = PBXBuildFile; fileRef = 4A743BA122E0E1CC00202DA4 /* BrickWhite.png */; };
		4A743BA422E0E57500202DA4 /* WhiteBackground2.png in Resources */ = {isa = PBXBuildFile; fileRef = 4A743BA322E0E57500202DA4 /* WhiteBackground2.png */; };
		4A743BA722E22C8300202DA4 /* HumanoidDaggerRight.png in Resources */ = {isa = PBXBuildFile; fileRef = 4A743BA522E22C8300202DA4 /* HumanoidDaggerRight.png */; };
		4A743BA822E22C8300202DA4 /* HumanoidDaggerLeft.png in Resources */ = {isa = PBXBuildFile; fileRef = 4A743BA622E22C8300202DA4 /* HumanoidDaggerLeft.png */; };
		4A743BAA22E758AF00202DA4 /* ThrowButton.png in Resources */ = {isa = PBXBuildFile; fileRef = 4A743BA922E758AF00202DA4 /* ThrowButton.png */; };
		4A789EBF2343F2A7001AFA04 /* fireRight.sks in Resources */ = {isa = PBXBuildFile; fileRef = 4A789EBE2343F2A7001AFA04 /* fireRight.sks */; };
		4A789EC12343F362001AFA04 /* fireLeft.sks in Resources */ = {isa = PBXBuildFile; fileRef = 4A789EC02343F362001AFA04 /* fireLeft.sks */; };
		4A958126238732B20080F751 /* bullet.png in Resources */ = {isa = PBXBuildFile; fileRef = 4A958125238732B20080F751 /* bullet.png */; };
		4AB533F122DE6E440007FA30 /* PunchWindUpLeft.png in Resources */ = {isa = PBXBuildFile; fileRef = 4AB533EF22DE6E430007FA30 /* PunchWindUpLeft.png */; };
		4AB533F222DE6E440007FA30 /* PunchWindUpRight.png in Resources */ = {isa = PBXBuildFile; fileRef = 4AB533F022DE6E430007FA30 /* PunchWindUpRight.png */; };
		4AB533F622DE92970007FA30 /* background-pixilart.png in Resources */ = {isa = PBXBuildFile; fileRef = 4AB533F522DE92970007FA30 /* background-pixilart.png */; };
		4AB533F722DE929D0007FA30 /* Background.atlas in Resources */ = {isa = PBXBuildFile; fileRef = 4A18125C22CED29F00D15BE3 /* Background.atlas */; };
		4AB533F922E0D6060007FA30 /* Brick.png in Resources */ = {isa = PBXBuildFile; fileRef = 4AB533F822E0D6060007FA30 /* Brick.png */; };
		4AB64C35234BF7430040A9FF /* RaillingMid.png in Resources */ = {isa = PBXBuildFile; fileRef = 4AB64C33234BF7430040A9FF /* RaillingMid.png */; };
		4AB64C37234BF7FE0040A9FF /* RaillingEnd.png in Resources */ = {isa = PBXBuildFile; fileRef = 4AB64C36234BF7FE0040A9FF /* RaillingEnd.png */; };
		4AB64C5A234D23030040A9FF /* ShootWindUpLeft.png in Resources */ = {isa = PBXBuildFile; fileRef = 4AB64C58234D23020040A9FF /* ShootWindUpLeft.png */; };
		4AB64C5B234D23030040A9FF /* ShootWindUpRight.png in Resources */ = {isa = PBXBuildFile; fileRef = 4AB64C59234D23030040A9FF /* ShootWindUpRight.png */; };
		4AC6D4C5234BF166008F205B /* GameScene.sks in Resources */ = {isa = PBXBuildFile; fileRef = 4AC6D4C4234BF166008F205B /* GameScene.sks */; };
		4ACDBE1D22C80D9E0078E0C1 /* AppDelegate.swift in Sources */ = {isa = PBXBuildFile; fileRef = 4ACDBE1C22C80D9E0078E0C1 /* AppDelegate.swift */; };
		4ACDBE2122C80D9E0078E0C1 /* Actions.sks in Resources */ = {isa = PBXBuildFile; fileRef = 4ACDBE2022C80D9E0078E0C1 /* Actions.sks */; };
		4ACDBE2322C80D9E0078E0C1 /* GameScene.swift in Sources */ = {isa = PBXBuildFile; fileRef = 4ACDBE2222C80D9E0078E0C1 /* GameScene.swift */; };
		4ACDBE2522C80D9E0078E0C1 /* GameViewController.swift in Sources */ = {isa = PBXBuildFile; fileRef = 4ACDBE2422C80D9E0078E0C1 /* GameViewController.swift */; };
		4ACDBE2822C80D9E0078E0C1 /* Main.storyboard in Resources */ = {isa = PBXBuildFile; fileRef = 4ACDBE2622C80D9E0078E0C1 /* Main.storyboard */; };
		4ACDBE2A22C80DA40078E0C1 /* Assets.xcassets in Resources */ = {isa = PBXBuildFile; fileRef = 4ACDBE2922C80DA40078E0C1 /* Assets.xcassets */; };
		4ACDBE2D22C80DA40078E0C1 /* LaunchScreen.storyboard in Resources */ = {isa = PBXBuildFile; fileRef = 4ACDBE2B22C80DA40078E0C1 /* LaunchScreen.storyboard */; };
		4ACDBE3522C80E580078E0C1 /* BlackBackground.png in Resources */ = {isa = PBXBuildFile; fileRef = 4ACDBE3422C80E580078E0C1 /* BlackBackground.png */; };
/* End PBXBuildFile section */

/* Begin PBXFileReference section */
		4A18125622CEB38D00D15BE3 /* Weapon.swift */ = {isa = PBXFileReference; lastKnownFileType = sourcecode.swift; path = Weapon.swift; sourceTree = "<group>"; };
		4A18125822CED1F800D15BE3 /* Tile.sks */ = {isa = PBXFileReference; lastKnownFileType = file.sks; path = Tile.sks; sourceTree = "<group>"; };
		4A18125A22CED29200D15BE3 /* Floor.atlas */ = {isa = PBXFileReference; lastKnownFileType = folder.skatlas; path = Floor.atlas; sourceTree = "<group>"; };
		4A18125C22CED29F00D15BE3 /* Background.atlas */ = {isa = PBXFileReference; lastKnownFileType = folder.skatlas; path = Background.atlas; sourceTree = "<group>"; };
		4A18126122CED77100D15BE3 /* Enemy.swift */ = {isa = PBXFileReference; fileEncoding = 4; lastKnownFileType = sourcecode.swift; path = Enemy.swift; sourceTree = "<group>"; };
		4A18126322D14E6600D15BE3 /* JumpButton.png */ = {isa = PBXFileReference; lastKnownFileType = image.png; path = JumpButton.png; sourceTree = "<group>"; };
		4A18126422D14E6600D15BE3 /* DashButton.png */ = {isa = PBXFileReference; lastKnownFileType = image.png; path = DashButton.png; sourceTree = "<group>"; };
		4A18126722D1703600D15BE3 /* Dash.atlas */ = {isa = PBXFileReference; lastKnownFileType = folder.skatlas; path = Dash.atlas; sourceTree = "<group>"; };
		4A29DF4B22CACA3600C12617 /* Stick.png */ = {isa = PBXFileReference; lastKnownFileType = image.png; path = Stick.png; sourceTree = "<group>"; };
		4A29DF4D22CACA4600C12617 /* Base.png */ = {isa = PBXFileReference; lastKnownFileType = image.png; path = Base.png; sourceTree = "<group>"; };
		4A29DF4F22CAD73800C12617 /* HumanoidStopped.png */ = {isa = PBXFileReference; lastKnownFileType = image.png; path = HumanoidStopped.png; sourceTree = "<group>"; };
		4A29DF5122CAD93F00C12617 /* HumanoidPunchRight.png */ = {isa = PBXFileReference; lastKnownFileType = image.png; path = HumanoidPunchRight.png; sourceTree = "<group>"; };
		4A29DF5322CAD94A00C12617 /* HumanoidPunchLeft.png */ = {isa = PBXFileReference; lastKnownFileType = image.png; path = HumanoidPunchLeft.png; sourceTree = "<group>"; };
		4A29DF5522CADA1400C12617 /* LeftButton.png */ = {isa = PBXFileReference; lastKnownFileType = image.png; path = LeftButton.png; sourceTree = "<group>"; };
		4A29DF5622CADA1400C12617 /* RightButton.png */ = {isa = PBXFileReference; lastKnownFileType = image.png; path = RightButton.png; sourceTree = "<group>"; };
		4A32EF6E22D5429600B79198 /* DashLeft.atlas */ = {isa = PBXFileReference; lastKnownFileType = folder.skatlas; path = DashLeft.atlas; sourceTree = "<group>"; };
		4A32EF7022D5577000B79198 /* Humanoid.swift */ = {isa = PBXFileReference; lastKnownFileType = sourcecode.swift; path = Humanoid.swift; sourceTree = "<group>"; };
		4A32EF7A22D7B80500B79198 /* dagger.png */ = {isa = PBXFileReference; lastKnownFileType = image.png; path = dagger.png; sourceTree = "<group>"; };
		4A32EF8222D8384500B79198 /* Arm.jpg */ = {isa = PBXFileReference; lastKnownFileType = image.jpeg; path = Arm.jpg; sourceTree = "<group>"; };
		4A32EF8322D8384500B79198 /* Head.jpg */ = {isa = PBXFileReference; lastKnownFileType = image.jpeg; path = Head.jpg; sourceTree = "<group>"; };
		4A32EF8422D8384500B79198 /* Torso.jpg */ = {isa = PBXFileReference; lastKnownFileType = image.jpeg; path = Torso.jpg; sourceTree = "<group>"; };
		4A32EF8522D8384500B79198 /* Leg.jpg */ = {isa = PBXFileReference; lastKnownFileType = image.jpeg; path = Leg.jpg; sourceTree = "<group>"; };
		4A32EF8E22DA7DAD00B79198 /* HumanoidWalkRight.atlas */ = {isa = PBXFileReference; lastKnownFileType = folder.skatlas; path = HumanoidWalkRight.atlas; sourceTree = "<group>"; };
		4A32EFA022DA7F5400B79198 /* HumanoidWalkLeft.atlas */ = {isa = PBXFileReference; lastKnownFileType = folder.skatlas; path = HumanoidWalkLeft.atlas; sourceTree = "<group>"; };
		4A330E4422EE2167007A05A0 /* wall1.png */ = {isa = PBXFileReference; lastKnownFileType = image.png; path = wall1.png; sourceTree = "<group>"; };
		4A330E4622EE226E007A05A0 /* wall2.png */ = {isa = PBXFileReference; lastKnownFileType = image.png; path = wall2.png; sourceTree = "<group>"; };
		4A330E4722EE226F007A05A0 /* wall3.png */ = {isa = PBXFileReference; lastKnownFileType = image.png; path = wall3.png; sourceTree = "<group>"; };
		4A330E4822EE226F007A05A0 /* wall5.png */ = {isa = PBXFileReference; lastKnownFileType = image.png; path = wall5.png; sourceTree = "<group>"; };
		4A330E4922EE226F007A05A0 /* door1.png */ = {isa = PBXFileReference; lastKnownFileType = image.png; path = door1.png; sourceTree = "<group>"; };
		4A330E4A22EE226F007A05A0 /* door2.png */ = {isa = PBXFileReference; lastKnownFileType = image.png; path = door2.png; sourceTree = "<group>"; };
		4A330E4B22EE226F007A05A0 /* wall4.png */ = {isa = PBXFileReference; lastKnownFileType = image.png; path = wall4.png; sourceTree = "<group>"; };
		4A330E5222EE24D4007A05A0 /* door3.png */ = {isa = PBXFileReference; lastKnownFileType = image.png; path = door3.png; sourceTree = "<group>"; };
		4A330E5322EE24D4007A05A0 /* door4.png */ = {isa = PBXFileReference; lastKnownFileType = image.png; path = door4.png; sourceTree = "<group>"; };
		4A330E5622EE2AC3007A05A0 /* table1.png */ = {isa = PBXFileReference; lastKnownFileType = image.png; path = table1.png; sourceTree = "<group>"; };
		4A330E5722EE2AC3007A05A0 /* machine1.png */ = {isa = PBXFileReference; lastKnownFileType = image.png; path = machine1.png; sourceTree = "<group>"; };
		4A330E5822EE2AC3007A05A0 /* machine2a.png */ = {isa = PBXFileReference; lastKnownFileType = image.png; path = machine2a.png; sourceTree = "<group>"; };
		4A330E5922EE2AC4007A05A0 /* machine2b.png */ = {isa = PBXFileReference; lastKnownFileType = image.png; path = machine2b.png; sourceTree = "<group>"; };
		4A3B305223284218001B7A73 /* HumanoidPistolRight.png */ = {isa = PBXFileReference; lastKnownFileType = image.png; path = HumanoidPistolRight.png; sourceTree = "<group>"; };
		4A3B305323284218001B7A73 /* HumanoidPistolLeft.png */ = {isa = PBXFileReference; lastKnownFileType = image.png; path = HumanoidPistolLeft.png; sourceTree = "<group>"; };
		4A4A362023466811007F6635 /* wall4 reverse.png */ = {isa = PBXFileReference; lastKnownFileType = image.png; path = "wall4 reverse.png"; sourceTree = "<group>"; };
		4A4A362123466812007F6635 /* wall5 reverse.png */ = {isa = PBXFileReference; lastKnownFileType = image.png; path = "wall5 reverse.png"; sourceTree = "<group>"; };
		4A4A362423468C03007F6635 /* smoke.sks */ = {isa = PBXFileReference; lastKnownFileType = file.sks; path = smoke.sks; sourceTree = "<group>"; };
		4A4A362523468C03007F6635 /* Assets.xcassets */ = {isa = PBXFileReference; lastKnownFileType = folder.assetcatalog; path = Assets.xcassets; sourceTree = "<group>"; };
		4A63B81422E8A1FD0068EC2E /* InvArrowRight.png */ = {isa = PBXFileReference; lastKnownFileType = image.png; path = InvArrowRight.png; sourceTree = "<group>"; };
		4A63B81522E8A1FD0068EC2E /* InvArrowLeft.png */ = {isa = PBXFileReference; lastKnownFileType = image.png; path = InvArrowLeft.png; sourceTree = "<group>"; };
		4A63B81822E8B6A80068EC2E /* ThrowBodyLeft.png */ = {isa = PBXFileReference; lastKnownFileType = image.png; path = ThrowBodyLeft.png; sourceTree = "<group>"; };
		4A63B81922E8B6A80068EC2E /* ThrowBodyRight.png */ = {isa = PBXFileReference; lastKnownFileType = image.png; path = ThrowBodyRight.png; sourceTree = "<group>"; };
		4A63B81C22E8B8A10068EC2E /* ArmLeft.png */ = {isa = PBXFileReference; lastKnownFileType = image.png; path = ArmLeft.png; sourceTree = "<group>"; };
		4A63B81D22E8B8A10068EC2E /* ArmRight.png */ = {isa = PBXFileReference; lastKnownFileType = image.png; path = ArmRight.png; sourceTree = "<group>"; };
		4A63B82022EA16CE0068EC2E /* ThrowRight.png */ = {isa = PBXFileReference; lastKnownFileType = image.png; path = ThrowRight.png; sourceTree = "<group>"; };
		4A63B82122EA16CF0068EC2E /* ThrowLeft.png */ = {isa = PBXFileReference; lastKnownFileType = image.png; path = ThrowLeft.png; sourceTree = "<group>"; };
		4A72D40E22EB871000F33935 /* Pistol.png */ = {isa = PBXFileReference; lastKnownFileType = image.png; path = Pistol.png; sourceTree = "<group>"; };
		4A743B9F22E0DEBF00202DA4 /* Main.swift */ = {isa = PBXFileReference; lastKnownFileType = sourcecode.swift; path = Main.swift; sourceTree = "<group>"; };
		4A743BA122E0E1CC00202DA4 /* BrickWhite.png */ = {isa = PBXFileReference; lastKnownFileType = image.png; path = BrickWhite.png; sourceTree = "<group>"; };
		4A743BA322E0E57500202DA4 /* WhiteBackground2.png */ = {isa = PBXFileReference; lastKnownFileType = image.png; path = WhiteBackground2.png; sourceTree = "<group>"; };
		4A743BA522E22C8300202DA4 /* HumanoidDaggerRight.png */ = {isa = PBXFileReference; lastKnownFileType = image.png; path = HumanoidDaggerRight.png; sourceTree = "<group>"; };
		4A743BA622E22C8300202DA4 /* HumanoidDaggerLeft.png */ = {isa = PBXFileReference; lastKnownFileType = image.png; path = HumanoidDaggerLeft.png; sourceTree = "<group>"; };
		4A743BA922E758AF00202DA4 /* ThrowButton.png */ = {isa = PBXFileReference; lastKnownFileType = image.png; path = ThrowButton.png; sourceTree = "<group>"; };
		4A789EBE2343F2A7001AFA04 /* fireRight.sks */ = {isa = PBXFileReference; lastKnownFileType = file.sks; path = fireRight.sks; sourceTree = "<group>"; };
		4A789EC02343F362001AFA04 /* fireLeft.sks */ = {isa = PBXFileReference; lastKnownFileType = file.sks; path = fireLeft.sks; sourceTree = "<group>"; };
		4A958125238732B20080F751 /* bullet.png */ = {isa = PBXFileReference; lastKnownFileType = image.png; path = bullet.png; sourceTree = "<group>"; };
		4AB533EF22DE6E430007FA30 /* PunchWindUpLeft.png */ = {isa = PBXFileReference; lastKnownFileType = image.png; path = PunchWindUpLeft.png; sourceTree = "<group>"; };
		4AB533F022DE6E430007FA30 /* PunchWindUpRight.png */ = {isa = PBXFileReference; lastKnownFileType = image.png; path = PunchWindUpRight.png; sourceTree = "<group>"; };
		4AB533F522DE92970007FA30 /* background-pixilart.png */ = {isa = PBXFileReference; lastKnownFileType = image.png; path = "background-pixilart.png"; sourceTree = "<group>"; };
		4AB533F822E0D6060007FA30 /* Brick.png */ = {isa = PBXFileReference; lastKnownFileType = image.png; path = Brick.png; sourceTree = "<group>"; };
		4AB64C33234BF7430040A9FF /* RaillingMid.png */ = {isa = PBXFileReference; lastKnownFileType = image.png; path = RaillingMid.png; sourceTree = "<group>"; };
		4AB64C36234BF7FE0040A9FF /* RaillingEnd.png */ = {isa = PBXFileReference; lastKnownFileType = image.png; path = RaillingEnd.png; sourceTree = "<group>"; };
		4AB64C58234D23020040A9FF /* ShootWindUpLeft.png */ = {isa = PBXFileReference; lastKnownFileType = image.png; path = ShootWindUpLeft.png; sourceTree = "<group>"; };
		4AB64C59234D23030040A9FF /* ShootWindUpRight.png */ = {isa = PBXFileReference; lastKnownFileType = image.png; path = ShootWindUpRight.png; sourceTree = "<group>"; };
		4AC6D4C4234BF166008F205B /* GameScene.sks */ = {isa = PBXFileReference; lastKnownFileType = file.sks; path = GameScene.sks; sourceTree = "<group>"; };
		4ACDBE1922C80D9E0078E0C1 /* Fighting Game.app */ = {isa = PBXFileReference; explicitFileType = wrapper.application; includeInIndex = 0; path = "Fighting Game.app"; sourceTree = BUILT_PRODUCTS_DIR; };
		4ACDBE1C22C80D9E0078E0C1 /* AppDelegate.swift */ = {isa = PBXFileReference; lastKnownFileType = sourcecode.swift; path = AppDelegate.swift; sourceTree = "<group>"; };
		4ACDBE2022C80D9E0078E0C1 /* Actions.sks */ = {isa = PBXFileReference; lastKnownFileType = file.sks; path = Actions.sks; sourceTree = "<group>"; };
		4ACDBE2222C80D9E0078E0C1 /* GameScene.swift */ = {isa = PBXFileReference; lastKnownFileType = sourcecode.swift; path = GameScene.swift; sourceTree = "<group>"; };
		4ACDBE2422C80D9E0078E0C1 /* GameViewController.swift */ = {isa = PBXFileReference; lastKnownFileType = sourcecode.swift; path = GameViewController.swift; sourceTree = "<group>"; };
		4ACDBE2722C80D9E0078E0C1 /* Base */ = {isa = PBXFileReference; lastKnownFileType = file.storyboard; name = Base; path = Base.lproj/Main.storyboard; sourceTree = "<group>"; };
		4ACDBE2922C80DA40078E0C1 /* Assets.xcassets */ = {isa = PBXFileReference; lastKnownFileType = folder.assetcatalog; path = Assets.xcassets; sourceTree = "<group>"; };
		4ACDBE2C22C80DA40078E0C1 /* Base */ = {isa = PBXFileReference; lastKnownFileType = file.storyboard; name = Base; path = Base.lproj/LaunchScreen.storyboard; sourceTree = "<group>"; };
		4ACDBE2E22C80DA40078E0C1 /* Info.plist */ = {isa = PBXFileReference; lastKnownFileType = text.plist.xml; path = Info.plist; sourceTree = "<group>"; };
		4ACDBE3422C80E580078E0C1 /* BlackBackground.png */ = {isa = PBXFileReference; lastKnownFileType = image.png; path = BlackBackground.png; sourceTree = "<group>"; };
/* End PBXFileReference section */

/* Begin PBXFrameworksBuildPhase section */
		4ACDBE1622C80D9E0078E0C1 /* Frameworks */ = {
			isa = PBXFrameworksBuildPhase;
			buildActionMask = 2147483647;
			files = (
			);
			runOnlyForDeploymentPostprocessing = 0;
		};
/* End PBXFrameworksBuildPhase section */

/* Begin PBXGroup section */
		4A32EF7522D7B24F00B79198 /* Weapons */ = {
			isa = PBXGroup;
			children = (
			);
			path = Weapons;
			sourceTree = "<group>";
		};
		4ACDBE1022C80D9E0078E0C1 = {
			isa = PBXGroup;
			children = (
				4A4A362523468C03007F6635 /* Assets.xcassets */,
				4ACDBE1B22C80D9E0078E0C1 /* Fighting Game */,
				4ACDBE1A22C80D9E0078E0C1 /* Products */,
				4AB533F522DE92970007FA30 /* background-pixilart.png */,
				4A32EF7A22D7B80500B79198 /* dagger.png */,
				4A32EF7522D7B24F00B79198 /* Weapons */,
				4ACDBE3422C80E580078E0C1 /* BlackBackground.png */,
				4A63B81522E8A1FD0068EC2E /* InvArrowLeft.png */,
				4A63B81422E8A1FD0068EC2E /* InvArrowRight.png */,
				4A29DF4B22CACA3600C12617 /* Stick.png */,
				4A330E5722EE2AC3007A05A0 /* machine1.png */,
				4AB64C33234BF7430040A9FF /* RaillingMid.png */,
				4AB64C58234D23020040A9FF /* ShootWindUpLeft.png */,
				4AB64C59234D23030040A9FF /* ShootWindUpRight.png */,
				4AB64C36234BF7FE0040A9FF /* RaillingEnd.png */,
				4A330E5822EE2AC3007A05A0 /* machine2a.png */,
				4A330E5922EE2AC4007A05A0 /* machine2b.png */,
				4A330E5622EE2AC3007A05A0 /* table1.png */,
				4A330E4922EE226F007A05A0 /* door1.png */,
				4A330E4A22EE226F007A05A0 /* door2.png */,
				4A958125238732B20080F751 /* bullet.png */,
				4A330E5222EE24D4007A05A0 /* door3.png */,
				4A330E5322EE24D4007A05A0 /* door4.png */,
				4A330E4422EE2167007A05A0 /* wall1.png */,
				4A4A362023466811007F6635 /* wall4 reverse.png */,
				4A4A362123466812007F6635 /* wall5 reverse.png */,
				4A330E4622EE226E007A05A0 /* wall2.png */,
				4A330E4722EE226F007A05A0 /* wall3.png */,
				4A330E4B22EE226F007A05A0 /* wall4.png */,
				4A330E4822EE226F007A05A0 /* wall5.png */,
				4A29DF4D22CACA4600C12617 /* Base.png */,
				4A29DF4F22CAD73800C12617 /* HumanoidStopped.png */,
				4A743BA122E0E1CC00202DA4 /* BrickWhite.png */,
				4A72D40E22EB871000F33935 /* Pistol.png */,
				4A63B82122EA16CF0068EC2E /* ThrowLeft.png */,
				4A63B82022EA16CE0068EC2E /* ThrowRight.png */,
				4A743BA622E22C8300202DA4 /* HumanoidDaggerLeft.png */,
				4A743BA922E758AF00202DA4 /* ThrowButton.png */,
				4A63B81822E8B6A80068EC2E /* ThrowBodyLeft.png */,
				4A63B81922E8B6A80068EC2E /* ThrowBodyRight.png */,
				4A743BA522E22C8300202DA4 /* HumanoidDaggerRight.png */,
				4A63B81C22E8B8A10068EC2E /* ArmLeft.png */,
				4A63B81D22E8B8A10068EC2E /* ArmRight.png */,
				4A29DF5122CAD93F00C12617 /* HumanoidPunchRight.png */,
				4A743BA322E0E57500202DA4 /* WhiteBackground2.png */,
				4A3B305323284218001B7A73 /* HumanoidPistolLeft.png */,
				4A3B305223284218001B7A73 /* HumanoidPistolRight.png */,
				4AB533F822E0D6060007FA30 /* Brick.png */,
				4A29DF5322CAD94A00C12617 /* HumanoidPunchLeft.png */,
				4A29DF5522CADA1400C12617 /* LeftButton.png */,
				4A29DF5622CADA1400C12617 /* RightButton.png */,
				4A18126422D14E6600D15BE3 /* DashButton.png */,
				4A18126322D14E6600D15BE3 /* JumpButton.png */,
				4A32EF8222D8384500B79198 /* Arm.jpg */,
				4A32EF8322D8384500B79198 /* Head.jpg */,
				4A32EF8522D8384500B79198 /* Leg.jpg */,
				4A32EF8422D8384500B79198 /* Torso.jpg */,
				4AB533EF22DE6E430007FA30 /* PunchWindUpLeft.png */,
				4AB533F022DE6E430007FA30 /* PunchWindUpRight.png */,
			);
			sourceTree = "<group>";
			usesTabs = 1;
		};
		4ACDBE1A22C80D9E0078E0C1 /* Products */ = {
			isa = PBXGroup;
			children = (
				4ACDBE1922C80D9E0078E0C1 /* Fighting Game.app */,
			);
			name = Products;
			sourceTree = "<group>";
		};
		4ACDBE1B22C80D9E0078E0C1 /* Fighting Game */ = {
			isa = PBXGroup;
			children = (
				4A32EF7022D5577000B79198 /* Humanoid.swift */,
				4ACDBE1C22C80D9E0078E0C1 /* AppDelegate.swift */,
				4A18126122CED77100D15BE3 /* Enemy.swift */,
				4A4A362423468C03007F6635 /* smoke.sks */,
				4ACDBE2022C80D9E0078E0C1 /* Actions.sks */,
				4A789EBE2343F2A7001AFA04 /* fireRight.sks */,
				4A789EC02343F362001AFA04 /* fireLeft.sks */,
				4ACDBE2222C80D9E0078E0C1 /* GameScene.swift */,
				4AC6D4C4234BF166008F205B /* GameScene.sks */,
				4A743B9F22E0DEBF00202DA4 /* Main.swift */,
				4A18125822CED1F800D15BE3 /* Tile.sks */,
				4A18125622CEB38D00D15BE3 /* Weapon.swift */,
				4ACDBE2422C80D9E0078E0C1 /* GameViewController.swift */,
				4ACDBE2622C80D9E0078E0C1 /* Main.storyboard */,
				4ACDBE2B22C80DA40078E0C1 /* LaunchScreen.storyboard */,
				4ACDBE2E22C80DA40078E0C1 /* Info.plist */,
				4ACDBE2922C80DA40078E0C1 /* Assets.xcassets */,
				4A32EFA022DA7F5400B79198 /* HumanoidWalkLeft.atlas */,
				4A32EF8E22DA7DAD00B79198 /* HumanoidWalkRight.atlas */,
				4A18125A22CED29200D15BE3 /* Floor.atlas */,
				4A18125C22CED29F00D15BE3 /* Background.atlas */,
				4A32EF6E22D5429600B79198 /* DashLeft.atlas */,
				4A18126722D1703600D15BE3 /* Dash.atlas */,
			);
			path = "Fighting Game";
			sourceTree = "<group>";
		};
/* End PBXGroup section */

/* Begin PBXNativeTarget section */
		4ACDBE1822C80D9E0078E0C1 /* Fighting Game */ = {
			isa = PBXNativeTarget;
			buildConfigurationList = 4ACDBE3122C80DA40078E0C1 /* Build configuration list for PBXNativeTarget "Fighting Game" */;
			buildPhases = (
				4ACDBE1522C80D9E0078E0C1 /* Sources */,
				4ACDBE1622C80D9E0078E0C1 /* Frameworks */,
				4ACDBE1722C80D9E0078E0C1 /* Resources */,
			);
			buildRules = (
			);
			dependencies = (
			);
			name = "Fighting Game";
			productName = "Fighting Game";
			productReference = 4ACDBE1922C80D9E0078E0C1 /* Fighting Game.app */;
			productType = "com.apple.product-type.application";
		};
/* End PBXNativeTarget section */

/* Begin PBXProject section */
		4ACDBE1122C80D9E0078E0C1 /* Project object */ = {
			isa = PBXProject;
			attributes = {
				LastSwiftUpdateCheck = 1010;
				LastUpgradeCheck = 1010;
				ORGANIZATIONNAME = "Dylan Martin";
				TargetAttributes = {
					4ACDBE1822C80D9E0078E0C1 = {
						CreatedOnToolsVersion = 10.1;
						LastSwiftMigration = 1020;
					};
				};
			};
			buildConfigurationList = 4ACDBE1422C80D9E0078E0C1 /* Build configuration list for PBXProject "Fighting Game" */;
			compatibilityVersion = "Xcode 11.0";
			developmentRegion = en;
			hasScannedForEncodings = 0;
			knownRegions = (
				en,
				Base,
			);
			mainGroup = 4ACDBE1022C80D9E0078E0C1;
			productRefGroup = 4ACDBE1A22C80D9E0078E0C1 /* Products */;
			projectDirPath = "";
			projectRoot = "";
			targets = (
				4ACDBE1822C80D9E0078E0C1 /* Fighting Game */,
			);
		};
/* End PBXProject section */

/* Begin PBXResourcesBuildPhase section */
		4ACDBE1722C80D9E0078E0C1 /* Resources */ = {
			isa = PBXResourcesBuildPhase;
			buildActionMask = 2147483647;
			files = (
				4AB64C37234BF7FE0040A9FF /* RaillingEnd.png in Resources */,
				4A330E5D22EE2AC4007A05A0 /* machine2b.png in Resources */,
				4A18126622D14E6600D15BE3 /* DashButton.png in Resources */,
				4A18126822D1703600D15BE3 /* Dash.atlas in Resources */,
				4ACDBE2822C80D9E0078E0C1 /* Main.storyboard in Resources */,
				4A4A362723468C03007F6635 /* Assets.xcassets in Resources */,
				4A743BAA22E758AF00202DA4 /* ThrowButton.png in Resources */,
				4A63B82322EA16CF0068EC2E /* ThrowLeft.png in Resources */,
				4A63B81B22E8B6A80068EC2E /* ThrowBodyRight.png in Resources */,
				4A330E5522EE24D5007A05A0 /* door4.png in Resources */,
				4AB533F722DE929D0007FA30 /* Background.atlas in Resources */,
				4AB533F622DE92970007FA30 /* background-pixilart.png in Resources */,
				4A29DF5222CAD93F00C12617 /* HumanoidPunchRight.png in Resources */,
				4A4A362323466812007F6635 /* wall5 reverse.png in Resources */,
				4A958126238732B20080F751 /* bullet.png in Resources */,
				4A743BA722E22C8300202DA4 /* HumanoidDaggerRight.png in Resources */,
				4A63B81622E8A1FD0068EC2E /* InvArrowRight.png in Resources */,
				4A3B305523284218001B7A73 /* HumanoidPistolLeft.png in Resources */,
				4A330E5A22EE2AC4007A05A0 /* table1.png in Resources */,
				4A32EF8922D8384500B79198 /* Leg.jpg in Resources */,
				4A330E5C22EE2AC4007A05A0 /* machine2a.png in Resources */,
				4A29DF4E22CACA4600C12617 /* Base.png in Resources */,
				4A29DF5022CAD73800C12617 /* HumanoidStopped.png in Resources */,
				4A330E5022EE226F007A05A0 /* door2.png in Resources */,
				4A32EFA122DA7F5400B79198 /* HumanoidWalkLeft.atlas in Resources */,
				4AB533F122DE6E440007FA30 /* PunchWindUpLeft.png in Resources */,
				4A18125922CED1F800D15BE3 /* Tile.sks in Resources */,
				4A29DF5422CAD94A00C12617 /* HumanoidPunchLeft.png in Resources */,
				4AB533F922E0D6060007FA30 /* Brick.png in Resources */,
				4A32EF6F22D5429600B79198 /* DashLeft.atlas in Resources */,
				4A63B81E22E8B8A10068EC2E /* ArmLeft.png in Resources */,
				4ACDBE2A22C80DA40078E0C1 /* Assets.xcassets in Resources */,
				4A72D40F22EB871100F33935 /* Pistol.png in Resources */,
				4A330E5B22EE2AC4007A05A0 /* machine1.png in Resources */,
				4A32EF8722D8384500B79198 /* Head.jpg in Resources */,
				4AB64C5B234D23030040A9FF /* ShootWindUpRight.png in Resources */,
				4A789EC12343F362001AFA04 /* fireLeft.sks in Resources */,
				4A18125B22CED29200D15BE3 /* Floor.atlas in Resources */,
				4ACDBE3522C80E580078E0C1 /* BlackBackground.png in Resources */,
				4A4A362223466812007F6635 /* wall4 reverse.png in Resources */,
				4ACDBE2D22C80DA40078E0C1 /* LaunchScreen.storyboard in Resources */,
				4A743BA222E0E1CC00202DA4 /* BrickWhite.png in Resources */,
				4A32EF7B22D7B80500B79198 /* dagger.png in Resources */,
				4A330E5122EE226F007A05A0 /* wall4.png in Resources */,
				4A330E4C22EE226F007A05A0 /* wall2.png in Resources */,
				4ACDBE2122C80D9E0078E0C1 /* Actions.sks in Resources */,
				4AB64C5A234D23030040A9FF /* ShootWindUpLeft.png in Resources */,
				4A743BA422E0E57500202DA4 /* WhiteBackground2.png in Resources */,
				4A29DF5822CADA1400C12617 /* RightButton.png in Resources */,
				4A18126522D14E6600D15BE3 /* JumpButton.png in Resources */,
				4A789EBF2343F2A7001AFA04 /* fireRight.sks in Resources */,
				4A63B81722E8A1FD0068EC2E /* InvArrowLeft.png in Resources */,
				4A29DF5722CADA1400C12617 /* LeftButton.png in Resources */,
				4A32EF8822D8384500B79198 /* Torso.jpg in Resources */,
				4A3B305423284218001B7A73 /* HumanoidPistolRight.png in Resources */,
				4A330E5422EE24D5007A05A0 /* door3.png in Resources */,
				4A330E4D22EE226F007A05A0 /* wall3.png in Resources */,
				4A63B81F22E8B8A10068EC2E /* ArmRight.png in Resources */,
				4AB64C35234BF7430040A9FF /* RaillingMid.png in Resources */,
				4A4A362623468C03007F6635 /* smoke.sks in Resources */,
				4A32EF9222DA7DAE00B79198 /* HumanoidWalkRight.atlas in Resources */,
				4A330E4522EE2167007A05A0 /* wall1.png in Resources */,
				4A330E4E22EE226F007A05A0 /* wall5.png in Resources */,
				4A63B81A22E8B6A80068EC2E /* ThrowBodyLeft.png in Resources */,
				4A63B82222EA16CF0068EC2E /* ThrowRight.png in Resources */,
				4AB533F222DE6E440007FA30 /* PunchWindUpRight.png in Resources */,
				4A29DF4C22CACA3600C12617 /* Stick.png in Resources */,
				4AC6D4C5234BF166008F205B /* GameScene.sks in Resources */,
				4A32EF8622D8384500B79198 /* Arm.jpg in Resources */,
				4A743BA822E22C8300202DA4 /* HumanoidDaggerLeft.png in Resources */,
				4A330E4F22EE226F007A05A0 /* door1.png in Resources */,
			);
			runOnlyForDeploymentPostprocessing = 0;
		};
/* End PBXResourcesBuildPhase section */

/* Begin PBXSourcesBuildPhase section */
		4ACDBE1522C80D9E0078E0C1 /* Sources */ = {
			isa = PBXSourcesBuildPhase;
			buildActionMask = 2147483647;
			files = (
				4A32EF7122D5577000B79198 /* Humanoid.swift in Sources */,
				4ACDBE2322C80D9E0078E0C1 /* GameScene.swift in Sources */,
				4A18126222CED77100D15BE3 /* Enemy.swift in Sources */,
				4A18125722CEB38D00D15BE3 /* Weapon.swift in Sources */,
				4ACDBE2522C80D9E0078E0C1 /* GameViewController.swift in Sources */,
				4A743BA022E0DEBF00202DA4 /* Main.swift in Sources */,
				4ACDBE1D22C80D9E0078E0C1 /* AppDelegate.swift in Sources */,
			);
			runOnlyForDeploymentPostprocessing = 0;
		};
/* End PBXSourcesBuildPhase section */

/* Begin PBXVariantGroup section */
		4ACDBE2622C80D9E0078E0C1 /* Main.storyboard */ = {
			isa = PBXVariantGroup;
			children = (
				4ACDBE2722C80D9E0078E0C1 /* Base */,
			);
			name = Main.storyboard;
			sourceTree = "<group>";
		};
		4ACDBE2B22C80DA40078E0C1 /* LaunchScreen.storyboard */ = {
			isa = PBXVariantGroup;
			children = (
				4ACDBE2C22C80DA40078E0C1 /* Base */,
			);
			name = LaunchScreen.storyboard;
			sourceTree = "<group>";
		};
/* End PBXVariantGroup section */

/* Begin XCBuildConfiguration section */
		4ACDBE2F22C80DA40078E0C1 /* Debug */ = {
			isa = XCBuildConfiguration;
			buildSettings = {
				ALWAYS_SEARCH_USER_PATHS = NO;
				CLANG_ANALYZER_NONNULL = YES;
				CLANG_ANALYZER_NUMBER_OBJECT_CONVERSION = YES_AGGRESSIVE;
				CLANG_CXX_LANGUAGE_STANDARD = "gnu++14";
				CLANG_CXX_LIBRARY = "libc++";
				CLANG_ENABLE_MODULES = YES;
				CLANG_ENABLE_OBJC_ARC = YES;
				CLANG_ENABLE_OBJC_WEAK = YES;
				CLANG_WARN_BLOCK_CAPTURE_AUTORELEASING = YES;
				CLANG_WARN_BOOL_CONVERSION = YES;
				CLANG_WARN_COMMA = YES;
				CLANG_WARN_CONSTANT_CONVERSION = YES;
				CLANG_WARN_DEPRECATED_OBJC_IMPLEMENTATIONS = YES;
				CLANG_WARN_DIRECT_OBJC_ISA_USAGE = YES_ERROR;
				CLANG_WARN_DOCUMENTATION_COMMENTS = YES;
				CLANG_WARN_EMPTY_BODY = YES;
				CLANG_WARN_ENUM_CONVERSION = YES;
				CLANG_WARN_INFINITE_RECURSION = YES;
				CLANG_WARN_INT_CONVERSION = YES;
				CLANG_WARN_NON_LITERAL_NULL_CONVERSION = YES;
				CLANG_WARN_OBJC_IMPLICIT_RETAIN_SELF = YES;
				CLANG_WARN_OBJC_LITERAL_CONVERSION = YES;
				CLANG_WARN_OBJC_ROOT_CLASS = YES_ERROR;
				CLANG_WARN_RANGE_LOOP_ANALYSIS = YES;
				CLANG_WARN_STRICT_PROTOTYPES = YES;
				CLANG_WARN_SUSPICIOUS_MOVE = YES;
				CLANG_WARN_UNGUARDED_AVAILABILITY = YES_AGGRESSIVE;
				CLANG_WARN_UNREACHABLE_CODE = YES;
				CLANG_WARN__DUPLICATE_METHOD_MATCH = YES;
				CODE_SIGN_IDENTITY = "iPhone Developer";
				COPY_PHASE_STRIP = NO;
				DEBUG_INFORMATION_FORMAT = dwarf;
				ENABLE_STRICT_OBJC_MSGSEND = YES;
				ENABLE_TESTABILITY = YES;
				GCC_C_LANGUAGE_STANDARD = gnu11;
				GCC_DYNAMIC_NO_PIC = NO;
				GCC_NO_COMMON_BLOCKS = YES;
				GCC_OPTIMIZATION_LEVEL = 0;
				GCC_PREPROCESSOR_DEFINITIONS = (
					"DEBUG=1",
					"$(inherited)",
				);
				GCC_WARN_64_TO_32_BIT_CONVERSION = YES;
				GCC_WARN_ABOUT_RETURN_TYPE = YES_ERROR;
				GCC_WARN_UNDECLARED_SELECTOR = YES;
				GCC_WARN_UNINITIALIZED_AUTOS = YES_AGGRESSIVE;
				GCC_WARN_UNUSED_FUNCTION = YES;
				GCC_WARN_UNUSED_VARIABLE = YES;
				IPHONEOS_DEPLOYMENT_TARGET = 13.0;
				MTL_ENABLE_DEBUG_INFO = INCLUDE_SOURCE;
				MTL_FAST_MATH = YES;
				ONLY_ACTIVE_ARCH = YES;
				SDKROOT = iphoneos;
				SWIFT_ACTIVE_COMPILATION_CONDITIONS = DEBUG;
				SWIFT_OPTIMIZATION_LEVEL = "-Onone";
				TARGETED_DEVICE_FAMILY = "1,2";
			};
			name = Debug;
		};
		4ACDBE3022C80DA40078E0C1 /* Release */ = {
			isa = XCBuildConfiguration;
			buildSettings = {
				ALWAYS_SEARCH_USER_PATHS = NO;
				CLANG_ANALYZER_NONNULL = YES;
				CLANG_ANALYZER_NUMBER_OBJECT_CONVERSION = YES_AGGRESSIVE;
				CLANG_CXX_LANGUAGE_STANDARD = "gnu++14";
				CLANG_CXX_LIBRARY = "libc++";
				CLANG_ENABLE_MODULES = YES;
				CLANG_ENABLE_OBJC_ARC = YES;
				CLANG_ENABLE_OBJC_WEAK = YES;
				CLANG_WARN_BLOCK_CAPTURE_AUTORELEASING = YES;
				CLANG_WARN_BOOL_CONVERSION = YES;
				CLANG_WARN_COMMA = YES;
				CLANG_WARN_CONSTANT_CONVERSION = YES;
				CLANG_WARN_DEPRECATED_OBJC_IMPLEMENTATIONS = YES;
				CLANG_WARN_DIRECT_OBJC_ISA_USAGE = YES_ERROR;
				CLANG_WARN_DOCUMENTATION_COMMENTS = YES;
				CLANG_WARN_EMPTY_BODY = YES;
				CLANG_WARN_ENUM_CONVERSION = YES;
				CLANG_WARN_INFINITE_RECURSION = YES;
				CLANG_WARN_INT_CONVERSION = YES;
				CLANG_WARN_NON_LITERAL_NULL_CONVERSION = YES;
				CLANG_WARN_OBJC_IMPLICIT_RETAIN_SELF = YES;
				CLANG_WARN_OBJC_LITERAL_CONVERSION = YES;
				CLANG_WARN_OBJC_ROOT_CLASS = YES_ERROR;
				CLANG_WARN_RANGE_LOOP_ANALYSIS = YES;
				CLANG_WARN_STRICT_PROTOTYPES = YES;
				CLANG_WARN_SUSPICIOUS_MOVE = YES;
				CLANG_WARN_UNGUARDED_AVAILABILITY = YES_AGGRESSIVE;
				CLANG_WARN_UNREACHABLE_CODE = YES;
				CLANG_WARN__DUPLICATE_METHOD_MATCH = YES;
				CODE_SIGN_IDENTITY = "iPhone Developer";
				COPY_PHASE_STRIP = NO;
				DEBUG_INFORMATION_FORMAT = "dwarf-with-dsym";
				ENABLE_NS_ASSERTIONS = NO;
				ENABLE_STRICT_OBJC_MSGSEND = YES;
				GCC_C_LANGUAGE_STANDARD = gnu11;
				GCC_NO_COMMON_BLOCKS = YES;
				GCC_WARN_64_TO_32_BIT_CONVERSION = YES;
				GCC_WARN_ABOUT_RETURN_TYPE = YES_ERROR;
				GCC_WARN_UNDECLARED_SELECTOR = YES;
				GCC_WARN_UNINITIALIZED_AUTOS = YES_AGGRESSIVE;
				GCC_WARN_UNUSED_FUNCTION = YES;
				GCC_WARN_UNUSED_VARIABLE = YES;
				IPHONEOS_DEPLOYMENT_TARGET = 13.0;
				MTL_ENABLE_DEBUG_INFO = NO;
				MTL_FAST_MATH = YES;
				SDKROOT = iphoneos;
				SWIFT_COMPILATION_MODE = wholemodule;
				SWIFT_OPTIMIZATION_LEVEL = "-O";
				TARGETED_DEVICE_FAMILY = "1,2";
				VALIDATE_PRODUCT = YES;
			};
			name = Release;
		};
		4ACDBE3222C80DA40078E0C1 /* Debug */ = {
			isa = XCBuildConfiguration;
			buildSettings = {
				ASSETCATALOG_COMPILER_APPICON_NAME = AppIcon;
				CODE_SIGN_STYLE = Automatic;
				DEVELOPMENT_TEAM = 9HGZB472ZE;
				INFOPLIST_FILE = "Fighting Game/Info.plist";
				LD_RUNPATH_SEARCH_PATHS = (
					"$(inherited)",
					"@executable_path/Frameworks",
				);
				PRODUCT_BUNDLE_IDENTIFIER = "Org.Fighting-Game";
				PRODUCT_NAME = "$(TARGET_NAME)";
				SWIFT_VERSION = 5.0;
				TARGETED_DEVICE_FAMILY = "1,2";
			};
			name = Debug;
		};
		4ACDBE3322C80DA40078E0C1 /* Release */ = {
			isa = XCBuildConfiguration;
			buildSettings = {
				ASSETCATALOG_COMPILER_APPICON_NAME = AppIcon;
				CODE_SIGN_STYLE = Automatic;
				DEVELOPMENT_TEAM = 9HGZB472ZE;
				INFOPLIST_FILE = "Fighting Game/Info.plist";
				LD_RUNPATH_SEARCH_PATHS = (
					"$(inherited)",
					"@executable_path/Frameworks",
				);
				PRODUCT_BUNDLE_IDENTIFIER = "Org.Fighting-Game";
				PRODUCT_NAME = "$(TARGET_NAME)";
				SWIFT_VERSION = 5.0;
				TARGETED_DEVICE_FAMILY = "1,2";
			};
			name = Release;
		};
/* End XCBuildConfiguration section */

/* Begin XCConfigurationList section */
		4ACDBE1422C80D9E0078E0C1 /* Build configuration list for PBXProject "Fighting Game" */ = {
			isa = XCConfigurationList;
			buildConfigurations = (
				4ACDBE2F22C80DA40078E0C1 /* Debug */,
				4ACDBE3022C80DA40078E0C1 /* Release */,
			);
			defaultConfigurationIsVisible = 0;
			defaultConfigurationName = Release;
		};
		4ACDBE3122C80DA40078E0C1 /* Build configuration list for PBXNativeTarget "Fighting Game" */ = {
			isa = XCConfigurationList;
			buildConfigurations = (
				4ACDBE3222C80DA40078E0C1 /* Debug */,
				4ACDBE3322C80DA40078E0C1 /* Release */,
			);
			defaultConfigurationIsVisible = 0;
			defaultConfigurationName = Release;
		};
/* End XCConfigurationList section */
	};
	rootObject = 4ACDBE1122C80D9E0078E0C1 /* Project object */;
}
